
Microsoft Visual Studio Solution File, Format Version 12.00
# Visual Studio Version 17
VisualStudioVersion = 17.14.36408.4 d17.14
MinimumVisualStudioVersion = 10.0.40219.1
Project("{FAE04EC0-301F-11D3-BF4B-00C04F79EFBC}") = "ChallengeOne", "ChallengeOne.csproj", "{687687E6-549F-49DA-BEC6-4223E4BBB553}"
EndProject
Global
	GlobalSection(SolutionConfigurationPlatforms) = preSolution
		Debug|Any CPU = Debug|Any CPU
		Release|Any CPU = Release|Any CPU
	EndGlobalSection
	GlobalSection(ProjectConfigurationPlatforms) = postSolution
		{687687E6-549F-49DA-BEC6-4223E4BBB553}.Debug|Any CPU.ActiveCfg = Debug|Any CPU
		{687687E6-549F-49DA-BEC6-4223E4BBB553}.Debug|Any CPU.Build.0 = Debug|Any CPU
		{687687E6-549F-49DA-BEC6-4223E4BBB553}.Release|Any CPU.ActiveCfg = Release|Any CPU
		{687687E6-549F-49DA-BEC6-4223E4BBB553}.Release|Any CPU.Build.0 = Release|Any CPU
	EndGlobalSection
	GlobalSection(SolutionProperties) = preSolution
		HideSolutionNode = FALSE
	EndGlobalSection
	GlobalSection(ExtensibilityGlobals) = postSolution
		SolutionGuid = {5951E3A3-B926-45A9-B107-27CF79BEBEC5}
	EndGlobalSection
EndGlobal
